
Microsoft Visual Studio Solution File, Format Version 12.00
# Visual Studio 2012
Project("{FAE04EC0-301F-11D3-BF4B-00C04F79EFBC}") = "task2", "task2\task2.csproj", "{B205996E-C78E-476E-A4AA-32FFC368CDF1}"
EndProject
Global
	GlobalSection(SolutionConfigurationPlatforms) = preSolution
		Debug|x86 = Debug|x86
		Release|x86 = Release|x86
	EndGlobalSection
	GlobalSection(ProjectConfigurationPlatforms) = postSolution
		{B205996E-C78E-476E-A4AA-32FFC368CDF1}.Debug|x86.ActiveCfg = Debug|x86
		{B205996E-C78E-476E-A4AA-32FFC368CDF1}.Debug|x86.Build.0 = Debug|x86
		{B205996E-C78E-476E-A4AA-32FFC368CDF1}.Release|x86.ActiveCfg = Release|x86
		{B205996E-C78E-476E-A4AA-32FFC368CDF1}.Release|x86.Build.0 = Release|x86
	EndGlobalSection
EndGlobal
